# Generated by pub
# See https://dart.dev/tools/pub/glossary#lockfile
packages:
  get_server:
    dependency: "direct main"
    description:
      name: get_server
      url: "https://pub.dartlang.org"
    source: hosted
    version: "0.3.0"
  http_server:
    dependency: transitive
    description:
      name: http_server
      url: "https://pub.dartlang.org"
    source: hosted
    version: "0.9.8+3"
  mime:
    dependency: transitive
    description:
      name: mime
      url: "https://pub.dartlang.org"
    source: hosted
    version: "0.9.7"
  path:
    dependency: transitive
    description:
      name: path
      url: "https://pub.dartlang.org"
    source: hosted
    version: "1.7.0"
sdks:
  dart: ">=2.2.0 <3.0.0"
